
Microsoft Visual Studio Solution File, Format Version 12.00
# Visual Studio Version 17
VisualStudioVersion = 17.7.34018.315
MinimumVisualStudioVersion = 10.0.40219.1
Project("{FAE04EC0-301F-11D3-BF4B-00C04F79EFBC}") = "DataAccessLayer", "DataAccessLayer\DataAccessLayer.csproj", "{1221E157-BBC4-4A08-B5C9-9BA74391BB5C}"
EndProject
Project("{9A19103F-16F7-4668-BE54-9A1E7A4F7556}") = "Persistence", "..\Persistence\Persistence.csproj", "{5386DB2F-1AD8-47BD-9784-5147E77097F8}"
EndProject
Global
	GlobalSection(SolutionConfigurationPlatforms) = preSolution
		Debug|Any CPU = Debug|Any CPU
		Release|Any CPU = Release|Any CPU
	EndGlobalSection
	GlobalSection(ProjectConfigurationPlatforms) = postSolution
		{1221E157-BBC4-4A08-B5C9-9BA74391BB5C}.Debug|Any CPU.ActiveCfg = Debug|Any CPU
		{1221E157-BBC4-4A08-B5C9-9BA74391BB5C}.Debug|Any CPU.Build.0 = Debug|Any CPU
		{1221E157-BBC4-4A08-B5C9-9BA74391BB5C}.Release|Any CPU.ActiveCfg = Release|Any CPU
		{1221E157-BBC4-4A08-B5C9-9BA74391BB5C}.Release|Any CPU.Build.0 = Release|Any CPU
		{5386DB2F-1AD8-47BD-9784-5147E77097F8}.Debug|Any CPU.ActiveCfg = Debug|Any CPU
		{5386DB2F-1AD8-47BD-9784-5147E77097F8}.Debug|Any CPU.Build.0 = Debug|Any CPU
		{5386DB2F-1AD8-47BD-9784-5147E77097F8}.Release|Any CPU.ActiveCfg = Release|Any CPU
		{5386DB2F-1AD8-47BD-9784-5147E77097F8}.Release|Any CPU.Build.0 = Release|Any CPU
	EndGlobalSection
	GlobalSection(SolutionProperties) = preSolution
		HideSolutionNode = FALSE
	EndGlobalSection
	GlobalSection(ExtensibilityGlobals) = postSolution
		SolutionGuid = {DC64B3E4-38E3-4BD5-B342-D37F9E5C376A}
	EndGlobalSection
EndGlobal
