
Microsoft Visual Studio Solution File, Format Version 12.00
# Visual Studio Version 17
VisualStudioVersion = 17.7.34018.315
MinimumVisualStudioVersion = 10.0.40219.1
Project("{FAE04EC0-301F-11D3-BF4B-00C04F79EFBC}") = "Services.Product", "Services.Product\Services.Product.csproj", "{28B1C80A-0D96-4008-A8B4-E8B6169BF8C3}"
EndProject
Project("{9A19103F-16F7-4668-BE54-9A1E7A4F7556}") = "Persistence", "..\Persistence\Persistence.csproj", "{DD3CA37C-AEF0-4B31-BDD8-6990B74C1069}"
EndProject
Project("{9A19103F-16F7-4668-BE54-9A1E7A4F7556}") = "DataAccessLayer", "..\DataAccessLayer\DataAccessLayer\DataAccessLayer.csproj", "{08F3B95D-0841-4FD7-AC5E-9E019FE83DD9}"
EndProject
Project("{9A19103F-16F7-4668-BE54-9A1E7A4F7556}") = "WebAPI", "..\WebAPI\WebAPI\WebAPI.csproj", "{FB30FFD2-740F-45F7-AA00-35F19128DC1E}"
EndProject
Global
	GlobalSection(SolutionConfigurationPlatforms) = preSolution
		Debug|Any CPU = Debug|Any CPU
		Release|Any CPU = Release|Any CPU
	EndGlobalSection
	GlobalSection(ProjectConfigurationPlatforms) = postSolution
		{28B1C80A-0D96-4008-A8B4-E8B6169BF8C3}.Debug|Any CPU.ActiveCfg = Debug|Any CPU
		{28B1C80A-0D96-4008-A8B4-E8B6169BF8C3}.Debug|Any CPU.Build.0 = Debug|Any CPU
		{28B1C80A-0D96-4008-A8B4-E8B6169BF8C3}.Release|Any CPU.ActiveCfg = Release|Any CPU
		{28B1C80A-0D96-4008-A8B4-E8B6169BF8C3}.Release|Any CPU.Build.0 = Release|Any CPU
		{DD3CA37C-AEF0-4B31-BDD8-6990B74C1069}.Debug|Any CPU.ActiveCfg = Debug|Any CPU
		{DD3CA37C-AEF0-4B31-BDD8-6990B74C1069}.Debug|Any CPU.Build.0 = Debug|Any CPU
		{DD3CA37C-AEF0-4B31-BDD8-6990B74C1069}.Release|Any CPU.ActiveCfg = Release|Any CPU
		{DD3CA37C-AEF0-4B31-BDD8-6990B74C1069}.Release|Any CPU.Build.0 = Release|Any CPU
		{08F3B95D-0841-4FD7-AC5E-9E019FE83DD9}.Debug|Any CPU.ActiveCfg = Debug|Any CPU
		{08F3B95D-0841-4FD7-AC5E-9E019FE83DD9}.Debug|Any CPU.Build.0 = Debug|Any CPU
		{08F3B95D-0841-4FD7-AC5E-9E019FE83DD9}.Release|Any CPU.ActiveCfg = Release|Any CPU
		{08F3B95D-0841-4FD7-AC5E-9E019FE83DD9}.Release|Any CPU.Build.0 = Release|Any CPU
		{FB30FFD2-740F-45F7-AA00-35F19128DC1E}.Debug|Any CPU.ActiveCfg = Debug|Any CPU
		{FB30FFD2-740F-45F7-AA00-35F19128DC1E}.Debug|Any CPU.Build.0 = Debug|Any CPU
		{FB30FFD2-740F-45F7-AA00-35F19128DC1E}.Release|Any CPU.ActiveCfg = Release|Any CPU
		{FB30FFD2-740F-45F7-AA00-35F19128DC1E}.Release|Any CPU.Build.0 = Release|Any CPU
	EndGlobalSection
	GlobalSection(SolutionProperties) = preSolution
		HideSolutionNode = FALSE
	EndGlobalSection
	GlobalSection(ExtensibilityGlobals) = postSolution
		SolutionGuid = {B7C52777-94AD-43E8-B64D-755DF10CA376}
	EndGlobalSection
EndGlobal
